
Microsoft Visual Studio Solution File, Format Version 12.00
# Visual Studio Version 17
VisualStudioVersion = 17.1.32210.238
MinimumVisualStudioVersion = 10.0.40219.1
Project("{FAE04EC0-301F-11D3-BF4B-00C04F79EFBC}") = "NightmareEve", "NightmareEve.csproj", "{5301492A-6CA8-4001-A600-C0A46BB00310}"
EndProject
Global
	GlobalSection(SolutionConfigurationPlatforms) = preSolution
		Debug|Any CPU = Debug|Any CPU
	EndGlobalSection
	GlobalSection(ProjectConfigurationPlatforms) = postSolution
		{5301492A-6CA8-4001-A600-C0A46BB00310}.Debug|Any CPU.ActiveCfg = Debug|Any CPU
		{5301492A-6CA8-4001-A600-C0A46BB00310}.Debug|Any CPU.Build.0 = Debug|Any CPU
	EndGlobalSection
	GlobalSection(SolutionProperties) = preSolution
		HideSolutionNode = FALSE
	EndGlobalSection
	GlobalSection(ExtensibilityGlobals) = postSolution
		SolutionGuid = {9E763A0F-D709-4F32-8E8F-B7686C74EED4}
	EndGlobalSection
EndGlobal
