
Microsoft Visual Studio Solution File, Format Version 12.00
# Visual Studio Version 17
VisualStudioVersion = 17.1.32210.238
MinimumVisualStudioVersion = 10.0.40219.1
Project("{FAE04EC0-301F-11D3-BF4B-00C04F79EFBC}") = "SaveItem", "SaveItem.csproj", "{F3D83822-E8C5-4BAA-B7E9-83A22EB0ECDE}"
EndProject
Global
	GlobalSection(SolutionConfigurationPlatforms) = preSolution
		Debug|Any CPU = Debug|Any CPU
		Release|Any CPU = Release|Any CPU
	EndGlobalSection
	GlobalSection(ProjectConfigurationPlatforms) = postSolution
		{F3D83822-E8C5-4BAA-B7E9-83A22EB0ECDE}.Debug|Any CPU.ActiveCfg = Debug|Any CPU
		{F3D83822-E8C5-4BAA-B7E9-83A22EB0ECDE}.Debug|Any CPU.Build.0 = Debug|Any CPU
		{F3D83822-E8C5-4BAA-B7E9-83A22EB0ECDE}.Release|Any CPU.ActiveCfg = Release|Any CPU
		{F3D83822-E8C5-4BAA-B7E9-83A22EB0ECDE}.Release|Any CPU.Build.0 = Release|Any CPU
	EndGlobalSection
	GlobalSection(SolutionProperties) = preSolution
		HideSolutionNode = FALSE
	EndGlobalSection
	GlobalSection(ExtensibilityGlobals) = postSolution
		SolutionGuid = {83D5B92E-03B3-48CA-8F06-5011EF800857}
	EndGlobalSection
EndGlobal
